// !$*UTF8*$!
{
	archiveVersion = 1;
	classes = {
	};
	objectVersion = 50;
	objects = {

/* Begin PBXBuildFile section */
		41EC67DDF4A32C5F06132A71 /* Pods_voltaIOS.framework in Frameworks */ = {isa = PBXBuildFile; fileRef = 550ACBAEB5E94BAFECF4562B /* Pods_voltaIOS.framework */; };
		BC0451B2221E933100C3573A /* AppDelegate.swift in Sources */ = {isa = PBXBuildFile; fileRef = BC0451B1221E933100C3573A /* AppDelegate.swift */; };
		BC0451B4221E933100C3573A /* ViewController.swift in Sources */ = {isa = PBXBuildFile; fileRef = BC0451B3221E933100C3573A /* ViewController.swift */; };
		BC0451B7221E933100C3573A /* Main.storyboard in Resources */ = {isa = PBXBuildFile; fileRef = BC0451B5221E933100C3573A /* Main.storyboard */; };
		BC0451B9221E933300C3573A /* Assets.xcassets in Resources */ = {isa = PBXBuildFile; fileRef = BC0451B8221E933300C3573A /* Assets.xcassets */; };
		BC0451BC221E933300C3573A /* LaunchScreen.storyboard in Resources */ = {isa = PBXBuildFile; fileRef = BC0451BA221E933300C3573A /* LaunchScreen.storyboard */; };
		BC0451C4221E9C7800C3573A /* signupview.swift in Sources */ = {isa = PBXBuildFile; fileRef = BC0451C3221E9C7800C3573A /* signupview.swift */; };
		BC0451C6221EA1D700C3573A /* signuppage.swift in Sources */ = {isa = PBXBuildFile; fileRef = BC0451C5221EA1D700C3573A /* signuppage.swift */; };
		BC0451C8221EAA4C00C3573A /* signinpage.swift in Sources */ = {isa = PBXBuildFile; fileRef = BC0451C7221EAA4C00C3573A /* signinpage.swift */; };
		BC0451CA221EB19E00C3573A /* scanview.swift in Sources */ = {isa = PBXBuildFile; fileRef = BC0451C9221EB19E00C3573A /* scanview.swift */; };
		BC0451CC221EBE7100C3573A /* sidebarview.swift in Sources */ = {isa = PBXBuildFile; fileRef = BC0451CB221EBE7100C3573A /* sidebarview.swift */; };
		BC0451CE221EED4B00C3573A /* chargepointview.swift in Sources */ = {isa = PBXBuildFile; fileRef = BC0451CD221EED4B00C3573A /* chargepointview.swift */; };
		BC0451D2221F10A300C3573A /* stopchargeview.swift in Sources */ = {isa = PBXBuildFile; fileRef = BC0451D1221F10A300C3573A /* stopchargeview.swift */; };
/* End PBXBuildFile section */

/* Begin PBXFileReference section */
		023909665F43CB7FE9D1F690 /* Pods-voltaIOS.release.xcconfig */ = {isa = PBXFileReference; includeInIndex = 1; lastKnownFileType = text.xcconfig; name = "Pods-voltaIOS.release.xcconfig"; path = "Target Support Files/Pods-voltaIOS/Pods-voltaIOS.release.xcconfig"; sourceTree = "<group>"; };
		550ACBAEB5E94BAFECF4562B /* Pods_voltaIOS.framework */ = {isa = PBXFileReference; explicitFileType = wrapper.framework; includeInIndex = 0; path = Pods_voltaIOS.framework; sourceTree = BUILT_PRODUCTS_DIR; };
		BC0451AE221E933100C3573A /* voltaIOS.app */ = {isa = PBXFileReference; explicitFileType = wrapper.application; includeInIndex = 0; path = voltaIOS.app; sourceTree = BUILT_PRODUCTS_DIR; };
		BC0451B1221E933100C3573A /* AppDelegate.swift */ = {isa = PBXFileReference; lastKnownFileType = sourcecode.swift; path = AppDelegate.swift; sourceTree = "<group>"; };
		BC0451B3221E933100C3573A /* ViewController.swift */ = {isa = PBXFileReference; lastKnownFileType = sourcecode.swift; path = ViewController.swift; sourceTree = "<group>"; };
		BC0451B6221E933100C3573A /* Base */ = {isa = PBXFileReference; lastKnownFileType = file.storyboard; name = Base; path = Base.lproj/Main.storyboard; sourceTree = "<group>"; };
		BC0451B8221E933300C3573A /* Assets.xcassets */ = {isa = PBXFileReference; lastKnownFileType = folder.assetcatalog; path = Assets.xcassets; sourceTree = "<group>"; };
		BC0451BB221E933300C3573A /* Base */ = {isa = PBXFileReference; lastKnownFileType = file.storyboard; name = Base; path = Base.lproj/LaunchScreen.storyboard; sourceTree = "<group>"; };
		BC0451BD221E933300C3573A /* Info.plist */ = {isa = PBXFileReference; lastKnownFileType = text.plist.xml; path = Info.plist; sourceTree = "<group>"; };
		BC0451C3221E9C7800C3573A /* signupview.swift */ = {isa = PBXFileReference; lastKnownFileType = sourcecode.swift; path = signupview.swift; sourceTree = "<group>"; };
		BC0451C5221EA1D700C3573A /* signuppage.swift */ = {isa = PBXFileReference; lastKnownFileType = sourcecode.swift; path = signuppage.swift; sourceTree = "<group>"; };
		BC0451C7221EAA4C00C3573A /* signinpage.swift */ = {isa = PBXFileReference; lastKnownFileType = sourcecode.swift; path = signinpage.swift; sourceTree = "<group>"; };
		BC0451C9221EB19E00C3573A /* scanview.swift */ = {isa = PBXFileReference; lastKnownFileType = sourcecode.swift; path = scanview.swift; sourceTree = "<group>"; };
		BC0451CB221EBE7100C3573A /* sidebarview.swift */ = {isa = PBXFileReference; lastKnownFileType = sourcecode.swift; path = sidebarview.swift; sourceTree = "<group>"; };
		BC0451CD221EED4B00C3573A /* chargepointview.swift */ = {isa = PBXFileReference; lastKnownFileType = sourcecode.swift; path = chargepointview.swift; sourceTree = "<group>"; };
		BC0451D1221F10A300C3573A /* stopchargeview.swift */ = {isa = PBXFileReference; lastKnownFileType = sourcecode.swift; path = stopchargeview.swift; sourceTree = "<group>"; };
		E33B39151FE1442FEF29A8A7 /* Pods-voltaIOS.debug.xcconfig */ = {isa = PBXFileReference; includeInIndex = 1; lastKnownFileType = text.xcconfig; name = "Pods-voltaIOS.debug.xcconfig"; path = "Target Support Files/Pods-voltaIOS/Pods-voltaIOS.debug.xcconfig"; sourceTree = "<group>"; };
/* End PBXFileReference section */

/* Begin PBXFrameworksBuildPhase section */
		BC0451AB221E933100C3573A /* Frameworks */ = {
			isa = PBXFrameworksBuildPhase;
			buildActionMask = 2147483647;
			files = (
				41EC67DDF4A32C5F06132A71 /* Pods_voltaIOS.framework in Frameworks */,
			);
			runOnlyForDeploymentPostprocessing = 0;
		};
/* End PBXFrameworksBuildPhase section */

/* Begin PBXGroup section */
		50DDD0A1DB49F7F6B1ACAF1F /* Pods */ = {
			isa = PBXGroup;
			children = (
				E33B39151FE1442FEF29A8A7 /* Pods-voltaIOS.debug.xcconfig */,
				023909665F43CB7FE9D1F690 /* Pods-voltaIOS.release.xcconfig */,
			);
			path = Pods;
			sourceTree = "<group>";
		};
		BC0451A5221E933100C3573A = {
			isa = PBXGroup;
			children = (
				BC0451B0221E933100C3573A /* voltaIOS */,
				BC0451AF221E933100C3573A /* Products */,
				50DDD0A1DB49F7F6B1ACAF1F /* Pods */,
				E89AFCD213A7FFF52AA9ECE8 /* Frameworks */,
			);
			sourceTree = "<group>";
		};
		BC0451AF221E933100C3573A /* Products */ = {
			isa = PBXGroup;
			children = (
				BC0451AE221E933100C3573A /* voltaIOS.app */,
			);
			name = Products;
			sourceTree = "<group>";
		};
		BC0451B0221E933100C3573A /* voltaIOS */ = {
			isa = PBXGroup;
			children = (
				BC0451B1221E933100C3573A /* AppDelegate.swift */,
				BC0451B3221E933100C3573A /* ViewController.swift */,
				BC0451B5221E933100C3573A /* Main.storyboard */,
				BC0451CD221EED4B00C3573A /* chargepointview.swift */,
				BC0451CB221EBE7100C3573A /* sidebarview.swift */,
				BC0451C9221EB19E00C3573A /* scanview.swift */,
				BC0451C7221EAA4C00C3573A /* signinpage.swift */,
				BC0451C5221EA1D700C3573A /* signuppage.swift */,
				BC0451C3221E9C7800C3573A /* signupview.swift */,
				BC0451B8221E933300C3573A /* Assets.xcassets */,
				BC0451BA221E933300C3573A /* LaunchScreen.storyboard */,
				BC0451BD221E933300C3573A /* Info.plist */,
				BC0451D1221F10A300C3573A /* stopchargeview.swift */,
			);
			path = voltaIOS;
			sourceTree = "<group>";
		};
		E89AFCD213A7FFF52AA9ECE8 /* Frameworks */ = {
			isa = PBXGroup;
			children = (
				550ACBAEB5E94BAFECF4562B /* Pods_voltaIOS.framework */,
			);
			name = Frameworks;
			sourceTree = "<group>";
		};
/* End PBXGroup section */

/* Begin PBXNativeTarget section */
		BC0451AD221E933100C3573A /* voltaIOS */ = {
			isa = PBXNativeTarget;
			buildConfigurationList = BC0451C0221E933300C3573A /* Build configuration list for PBXNativeTarget "voltaIOS" */;
			buildPhases = (
				8DF0FBF282B4CB0970409995 /* [CP] Check Pods Manifest.lock */,
				BC0451AA221E933100C3573A /* Sources */,
				BC0451AB221E933100C3573A /* Frameworks */,
				BC0451AC221E933100C3573A /* Resources */,
				B14CE08FF6934DCE3FDA81FB /* [CP] Embed Pods Frameworks */,
			);
			buildRules = (
			);
			dependencies = (
			);
			name = voltaIOS;
			productName = voltaIOS;
			productReference = BC0451AE221E933100C3573A /* voltaIOS.app */;
			productType = "com.apple.product-type.application";
		};
/* End PBXNativeTarget section */

/* Begin PBXProject section */
		BC0451A6221E933100C3573A /* Project object */ = {
			isa = PBXProject;
			attributes = {
				LastSwiftUpdateCheck = 1010;
				LastUpgradeCheck = 1010;
				ORGANIZATIONNAME = "Nontachai Yoothai";
				TargetAttributes = {
					BC0451AD221E933100C3573A = {
						CreatedOnToolsVersion = 10.1;
					};
				};
			};
			buildConfigurationList = BC0451A9221E933100C3573A /* Build configuration list for PBXProject "voltaIOS" */;
			compatibilityVersion = "Xcode 9.3";
			developmentRegion = en;
			hasScannedForEncodings = 0;
			knownRegions = (
				en,
				Base,
			);
			mainGroup = BC0451A5221E933100C3573A;
			productRefGroup = BC0451AF221E933100C3573A /* Products */;
			projectDirPath = "";
			projectRoot = "";
			targets = (
				BC0451AD221E933100C3573A /* voltaIOS */,
			);
		};
/* End PBXProject section */

/* Begin PBXResourcesBuildPhase section */
		BC0451AC221E933100C3573A /* Resources */ = {
			isa = PBXResourcesBuildPhase;
			buildActionMask = 2147483647;
			files = (
				BC0451BC221E933300C3573A /* LaunchScreen.storyboard in Resources */,
				BC0451B9221E933300C3573A /* Assets.xcassets in Resources */,
				BC0451B7221E933100C3573A /* Main.storyboard in Resources */,
			);
			runOnlyForDeploymentPostprocessing = 0;
		};
/* End PBXResourcesBuildPhase section */

/* Begin PBXShellScriptBuildPhase section */
		8DF0FBF282B4CB0970409995 /* [CP] Check Pods Manifest.lock */ = {
			isa = PBXShellScriptBuildPhase;
			buildActionMask = 2147483647;
			files = (
			);
			inputFileListPaths = (
			);
			inputPaths = (
				"${PODS_PODFILE_DIR_PATH}/Podfile.lock",
				"${PODS_ROOT}/Manifest.lock",
			);
			name = "[CP] Check Pods Manifest.lock";
			outputFileListPaths = (
			);
			outputPaths = (
				"$(DERIVED_FILE_DIR)/Pods-voltaIOS-checkManifestLockResult.txt",
			);
			runOnlyForDeploymentPostprocessing = 0;
			shellPath = /bin/sh;
			shellScript = "diff \"${PODS_PODFILE_DIR_PATH}/Podfile.lock\" \"${PODS_ROOT}/Manifest.lock\" > /dev/null\nif [ $? != 0 ] ; then\n    # print error to STDERR\n    echo \"error: The sandbox is not in sync with the Podfile.lock. Run 'pod install' or update your CocoaPods installation.\" >&2\n    exit 1\nfi\n# This output is used by Xcode 'outputs' to avoid re-running this script phase.\necho \"SUCCESS\" > \"${SCRIPT_OUTPUT_FILE_0}\"\n";
			showEnvVarsInLog = 0;
		};
		B14CE08FF6934DCE3FDA81FB /* [CP] Embed Pods Frameworks */ = {
			isa = PBXShellScriptBuildPhase;
			buildActionMask = 2147483647;
			files = (
			);
			inputFileListPaths = (
			);
			inputPaths = (
				"${PODS_ROOT}/Target Support Files/Pods-voltaIOS/Pods-voltaIOS-frameworks.sh",
				"${BUILT_PRODUCTS_DIR}/Alamofire/Alamofire.framework",
				"${BUILT_PRODUCTS_DIR}/SwiftKeychainWrapper/SwiftKeychainWrapper.framework",
				"${BUILT_PRODUCTS_DIR}/SwiftyJSON/SwiftyJSON.framework",
			);
			name = "[CP] Embed Pods Frameworks";
			outputFileListPaths = (
			);
			outputPaths = (
				"${TARGET_BUILD_DIR}/${FRAMEWORKS_FOLDER_PATH}/Alamofire.framework",
				"${TARGET_BUILD_DIR}/${FRAMEWORKS_FOLDER_PATH}/SwiftKeychainWrapper.framework",
				"${TARGET_BUILD_DIR}/${FRAMEWORKS_FOLDER_PATH}/SwiftyJSON.framework",
			);
			runOnlyForDeploymentPostprocessing = 0;
			shellPath = /bin/sh;
			shellScript = "\"${PODS_ROOT}/Target Support Files/Pods-voltaIOS/Pods-voltaIOS-frameworks.sh\"\n";
			showEnvVarsInLog = 0;
		};
/* End PBXShellScriptBuildPhase section */

/* Begin PBXSourcesBuildPhase section */
		BC0451AA221E933100C3573A /* Sources */ = {
			isa = PBXSourcesBuildPhase;
			buildActionMask = 2147483647;
			files = (
				BC0451B4221E933100C3573A /* ViewController.swift in Sources */,
				BC0451C8221EAA4C00C3573A /* signinpage.swift in Sources */,
				BC0451CC221EBE7100C3573A /* sidebarview.swift in Sources */,
				BC0451B2221E933100C3573A /* AppDelegate.swift in Sources */,
				BC0451CA221EB19E00C3573A /* scanview.swift in Sources */,
				BC0451C6221EA1D700C3573A /* signuppage.swift in Sources */,
				BC0451D2221F10A300C3573A /* stopchargeview.swift in Sources */,
				BC0451C4221E9C7800C3573A /* signupview.swift in Sources */,
				BC0451CE221EED4B00C3573A /* chargepointview.swift in Sources */,
			);
			runOnlyForDeploymentPostprocessing = 0;
		};
/* End PBXSourcesBuildPhase section */

/* Begin PBXVariantGroup section */
		BC0451B5221E933100C3573A /* Main.storyboard */ = {
			isa = PBXVariantGroup;
			children = (
				BC0451B6221E933100C3573A /* Base */,
			);
			name = Main.storyboard;
			sourceTree = "<group>";
		};
		BC0451BA221E933300C3573A /* LaunchScreen.storyboard */ = {
			isa = PBXVariantGroup;
			children = (
				BC0451BB221E933300C3573A /* Base */,
			);
			name = LaunchScreen.storyboard;
			sourceTree = "<group>";
		};
/* End PBXVariantGroup section */

/* Begin XCBuildConfiguration section */
		BC0451BE221E933300C3573A /* Debug */ = {
			isa = XCBuildConfiguration;
			buildSettings = {
				ALWAYS_SEARCH_USER_PATHS = NO;
				CLANG_ANALYZER_NONNULL = YES;
				CLANG_ANALYZER_NUMBER_OBJECT_CONVERSION = YES_AGGRESSIVE;
				CLANG_CXX_LANGUAGE_STANDARD = "gnu++14";
				CLANG_CXX_LIBRARY = "libc++";
				CLANG_ENABLE_MODULES = YES;
				CLANG_ENABLE_OBJC_ARC = YES;
				CLANG_ENABLE_OBJC_WEAK = YES;
				CLANG_WARN_BLOCK_CAPTURE_AUTORELEASING = YES;
				CLANG_WARN_BOOL_CONVERSION = YES;
				CLANG_WARN_COMMA = YES;
				CLANG_WARN_CONSTANT_CONVERSION = YES;
				CLANG_WARN_DEPRECATED_OBJC_IMPLEMENTATIONS = YES;
				CLANG_WARN_DIRECT_OBJC_ISA_USAGE = YES_ERROR;
				CLANG_WARN_DOCUMENTATION_COMMENTS = YES;
				CLANG_WARN_EMPTY_BODY = YES;
				CLANG_WARN_ENUM_CONVERSION = YES;
				CLANG_WARN_INFINITE_RECURSION = YES;
				CLANG_WARN_INT_CONVERSION = YES;
				CLANG_WARN_NON_LITERAL_NULL_CONVERSION = YES;
				CLANG_WARN_OBJC_IMPLICIT_RETAIN_SELF = YES;
				CLANG_WARN_OBJC_LITERAL_CONVERSION = YES;
				CLANG_WARN_OBJC_ROOT_CLASS = YES_ERROR;
				CLANG_WARN_RANGE_LOOP_ANALYSIS = YES;
				CLANG_WARN_STRICT_PROTOTYPES = YES;
				CLANG_WARN_SUSPICIOUS_MOVE = YES;
				CLANG_WARN_UNGUARDED_AVAILABILITY = YES_AGGRESSIVE;
				CLANG_WARN_UNREACHABLE_CODE = YES;
				CLANG_WARN__DUPLICATE_METHOD_MATCH = YES;
				CODE_SIGN_IDENTITY = "iPhone Developer";
				COPY_PHASE_STRIP = NO;
				DEBUG_INFORMATION_FORMAT = dwarf;
				ENABLE_STRICT_OBJC_MSGSEND = YES;
				ENABLE_TESTABILITY = YES;
				GCC_C_LANGUAGE_STANDARD = gnu11;
				GCC_DYNAMIC_NO_PIC = NO;
				GCC_NO_COMMON_BLOCKS = YES;
				GCC_OPTIMIZATION_LEVEL = 0;
				GCC_PREPROCESSOR_DEFINITIONS = (
					"DEBUG=1",
					"$(inherited)",
				);
				GCC_WARN_64_TO_32_BIT_CONVERSION = YES;
				GCC_WARN_ABOUT_RETURN_TYPE = YES_ERROR;
				GCC_WARN_UNDECLARED_SELECTOR = YES;
				GCC_WARN_UNINITIALIZED_AUTOS = YES_AGGRESSIVE;
				GCC_WARN_UNUSED_FUNCTION = YES;
				GCC_WARN_UNUSED_VARIABLE = YES;
				IPHONEOS_DEPLOYMENT_TARGET = 12.1;
				MTL_ENABLE_DEBUG_INFO = INCLUDE_SOURCE;
				MTL_FAST_MATH = YES;
				ONLY_ACTIVE_ARCH = YES;
				SDKROOT = iphoneos;
				SWIFT_ACTIVE_COMPILATION_CONDITIONS = DEBUG;
				SWIFT_OPTIMIZATION_LEVEL = "-Onone";
			};
			name = Debug;
		};
		BC0451BF221E933300C3573A /* Release */ = {
			isa = XCBuildConfiguration;
			buildSettings = {
				ALWAYS_SEARCH_USER_PATHS = NO;
				CLANG_ANALYZER_NONNULL = YES;
				CLANG_ANALYZER_NUMBER_OBJECT_CONVERSION = YES_AGGRESSIVE;
				CLANG_CXX_LANGUAGE_STANDARD = "gnu++14";
				CLANG_CXX_LIBRARY = "libc++";
				CLANG_ENABLE_MODULES = YES;
				CLANG_ENABLE_OBJC_ARC = YES;
				CLANG_ENABLE_OBJC_WEAK = YES;
				CLANG_WARN_BLOCK_CAPTURE_AUTORELEASING = YES;
				CLANG_WARN_BOOL_CONVERSION = YES;
				CLANG_WARN_COMMA = YES;
				CLANG_WARN_CONSTANT_CONVERSION = YES;
				CLANG_WARN_DEPRECATED_OBJC_IMPLEMENTATIONS = YES;
				CLANG_WARN_DIRECT_OBJC_ISA_USAGE = YES_ERROR;
				CLANG_WARN_DOCUMENTATION_COMMENTS = YES;
				CLANG_WARN_EMPTY_BODY = YES;
				CLANG_WARN_ENUM_CONVERSION = YES;
				CLANG_WARN_INFINITE_RECURSION = YES;
				CLANG_WARN_INT_CONVERSION = YES;
				CLANG_WARN_NON_LITERAL_NULL_CONVERSION = YES;
				CLANG_WARN_OBJC_IMPLICIT_RETAIN_SELF = YES;
				CLANG_WARN_OBJC_LITERAL_CONVERSION = YES;
				CLANG_WARN_OBJC_ROOT_CLASS = YES_ERROR;
				CLANG_WARN_RANGE_LOOP_ANALYSIS = YES;
				CLANG_WARN_STRICT_PROTOTYPES = YES;
				CLANG_WARN_SUSPICIOUS_MOVE = YES;
				CLANG_WARN_UNGUARDED_AVAILABILITY = YES_AGGRESSIVE;
				CLANG_WARN_UNREACHABLE_CODE = YES;
				CLANG_WARN__DUPLICATE_METHOD_MATCH = YES;
				CODE_SIGN_IDENTITY = "iPhone Developer";
				COPY_PHASE_STRIP = NO;
				DEBUG_INFORMATION_FORMAT = "dwarf-with-dsym";
				ENABLE_NS_ASSERTIONS = NO;
				ENABLE_STRICT_OBJC_MSGSEND = YES;
				GCC_C_LANGUAGE_STANDARD = gnu11;
				GCC_NO_COMMON_BLOCKS = YES;
				GCC_WARN_64_TO_32_BIT_CONVERSION = YES;
				GCC_WARN_ABOUT_RETURN_TYPE = YES_ERROR;
				GCC_WARN_UNDECLARED_SELECTOR = YES;
				GCC_WARN_UNINITIALIZED_AUTOS = YES_AGGRESSIVE;
				GCC_WARN_UNUSED_FUNCTION = YES;
				GCC_WARN_UNUSED_VARIABLE = YES;
				IPHONEOS_DEPLOYMENT_TARGET = 12.1;
				MTL_ENABLE_DEBUG_INFO = NO;
				MTL_FAST_MATH = YES;
				SDKROOT = iphoneos;
				SWIFT_COMPILATION_MODE = wholemodule;
				SWIFT_OPTIMIZATION_LEVEL = "-O";
				VALIDATE_PRODUCT = YES;
			};
			name = Release;
		};
		BC0451C1221E933300C3573A /* Debug */ = {
			isa = XCBuildConfiguration;
			baseConfigurationReference = E33B39151FE1442FEF29A8A7 /* Pods-voltaIOS.debug.xcconfig */;
			buildSettings = {
				ASSETCATALOG_COMPILER_APPICON_NAME = AppIcon;
				CODE_SIGN_IDENTITY = "iPhone Developer";
				CODE_SIGN_STYLE = Automatic;
				DEVELOPMENT_TEAM = F3FX8RA47U;
				INFOPLIST_FILE = voltaIOS/Info.plist;
				LD_RUNPATH_SEARCH_PATHS = (
					"$(inherited)",
					"@executable_path/Frameworks",
				);
				PRODUCT_BUNDLE_IDENTIFIER = com.example.voltaIOS;
				PRODUCT_NAME = "$(TARGET_NAME)";
				PROVISIONING_PROFILE_SPECIFIER = "";
				SWIFT_VERSION = 4.2;
				TARGETED_DEVICE_FAMILY = "1,2";
			};
			name = Debug;
		};
		BC0451C2221E933300C3573A /* Release */ = {
			isa = XCBuildConfiguration;
			baseConfigurationReference = 023909665F43CB7FE9D1F690 /* Pods-voltaIOS.release.xcconfig */;
			buildSettings = {
				ASSETCATALOG_COMPILER_APPICON_NAME = AppIcon;
				CODE_SIGN_IDENTITY = "iPhone Developer";
				CODE_SIGN_STYLE = Automatic;
				DEVELOPMENT_TEAM = F3FX8RA47U;
				INFOPLIST_FILE = voltaIOS/Info.plist;
				LD_RUNPATH_SEARCH_PATHS = (
					"$(inherited)",
					"@executable_path/Frameworks",
				);
				PRODUCT_BUNDLE_IDENTIFIER = com.example.voltaIOS;
				PRODUCT_NAME = "$(TARGET_NAME)";
				PROVISIONING_PROFILE_SPECIFIER = "";
				SWIFT_VERSION = 4.2;
				TARGETED_DEVICE_FAMILY = "1,2";
			};
			name = Release;
		};
/* End XCBuildConfiguration section */

/* Begin XCConfigurationList section */
		BC0451A9221E933100C3573A /* Build configuration list for PBXProject "voltaIOS" */ = {
			isa = XCConfigurationList;
			buildConfigurations = (
				BC0451BE221E933300C3573A /* Debug */,
				BC0451BF221E933300C3573A /* Release */,
			);
			defaultConfigurationIsVisible = 0;
			defaultConfigurationName = Release;
		};
		BC0451C0221E933300C3573A /* Build configuration list for PBXNativeTarget "voltaIOS" */ = {
			isa = XCConfigurationList;
			buildConfigurations = (
				BC0451C1221E933300C3573A /* Debug */,
				BC0451C2221E933300C3573A /* Release */,
			);
			defaultConfigurationIsVisible = 0;
			defaultConfigurationName = Release;
		};
/* End XCConfigurationList section */
	};
	rootObject = BC0451A6221E933100C3573A /* Project object */;
}
